
Microsoft Visual Studio Solution File, Format Version 12.00
# Visual Studio 15
VisualStudioVersion = 15.0.28307.1831
MinimumVisualStudioVersion = 10.0.40219.1
Project("{FAE04EC0-301F-11D3-BF4B-00C04F79EFBC}") = "WpfApp1", "WpfApp1\WpfApp1\WpfApp1.csproj", "{31547F3C-41F9-4C27-873D-86FB14C16A9B}"
EndProject
Project("{FAE04EC0-301F-11D3-BF4B-00C04F79EFBC}") = "WpfApp1.Test", "WpfApp1\WpfApp1.Test\WpfApp1.Test.csproj", "{E56F5CEE-A659-4143-BCF5-4521132E4ADC}"
EndProject
Global
	GlobalSection(SolutionConfigurationPlatforms) = preSolution
		Debug|Any CPU = Debug|Any CPU
		Release|Any CPU = Release|Any CPU
	EndGlobalSection
	GlobalSection(ProjectConfigurationPlatforms) = postSolution
		{31547F3C-41F9-4C27-873D-86FB14C16A9B}.Debug|Any CPU.ActiveCfg = Debug|Any CPU
		{31547F3C-41F9-4C27-873D-86FB14C16A9B}.Debug|Any CPU.Build.0 = Debug|Any CPU
		{31547F3C-41F9-4C27-873D-86FB14C16A9B}.Release|Any CPU.ActiveCfg = Release|Any CPU
		{31547F3C-41F9-4C27-873D-86FB14C16A9B}.Release|Any CPU.Build.0 = Release|Any CPU
		{E56F5CEE-A659-4143-BCF5-4521132E4ADC}.Debug|Any CPU.ActiveCfg = Debug|Any CPU
		{E56F5CEE-A659-4143-BCF5-4521132E4ADC}.Debug|Any CPU.Build.0 = Debug|Any CPU
		{E56F5CEE-A659-4143-BCF5-4521132E4ADC}.Release|Any CPU.ActiveCfg = Release|Any CPU
		{E56F5CEE-A659-4143-BCF5-4521132E4ADC}.Release|Any CPU.Build.0 = Release|Any CPU
	EndGlobalSection
	GlobalSection(SolutionProperties) = preSolution
		HideSolutionNode = FALSE
	EndGlobalSection
	GlobalSection(ExtensibilityGlobals) = postSolution
		SolutionGuid = {83AA6359-2DAC-4987-9F65-5F32EEC46EB0}
	EndGlobalSection
EndGlobal
